
Microsoft Visual Studio Solution File, Format Version 12.00
Project("{FAE04EC0-301F-11D3-BF4B-00C04F79EFBC}") = "Twitter Clone", "Twitter Clone.csproj", "{32280127-8A31-4057-9C0B-4EB1A6B60D1B}"
EndProject
Project("{FAE04EC0-301F-11D3-BF4B-00C04F79EFBC}") = "ConsoleApp1", "ConsoleApp1\ConsoleApp1.csproj", "{144CCF1C-F076-430E-92CE-2160938F9688}"
EndProject
Global
	GlobalSection(SolutionConfigurationPlatforms) = preSolution
		Debug|Any CPU = Debug|Any CPU
		Release|Any CPU = Release|Any CPU
	EndGlobalSection
	GlobalSection(ProjectConfigurationPlatforms) = postSolution
		{32280127-8A31-4057-9C0B-4EB1A6B60D1B}.Debug|Any CPU.ActiveCfg = Debug|Any CPU
		{32280127-8A31-4057-9C0B-4EB1A6B60D1B}.Debug|Any CPU.Build.0 = Debug|Any CPU
		{32280127-8A31-4057-9C0B-4EB1A6B60D1B}.Release|Any CPU.ActiveCfg = Release|Any CPU
		{32280127-8A31-4057-9C0B-4EB1A6B60D1B}.Release|Any CPU.Build.0 = Release|Any CPU
		{144CCF1C-F076-430E-92CE-2160938F9688}.Debug|Any CPU.ActiveCfg = Debug|Any CPU
		{144CCF1C-F076-430E-92CE-2160938F9688}.Debug|Any CPU.Build.0 = Debug|Any CPU
		{144CCF1C-F076-430E-92CE-2160938F9688}.Release|Any CPU.ActiveCfg = Release|Any CPU
		{144CCF1C-F076-430E-92CE-2160938F9688}.Release|Any CPU.Build.0 = Release|Any CPU
	EndGlobalSection
EndGlobal
